<Solution>
  <Folder Name="/src/" />
  <Folder Name="/src/Application/">
    <Project Path="src/Application/NexusResourceEngine.Application.csproj" />
  </Folder>
  <Folder Name="/src/Domain/">
    <Project Path="src/Domain/NexusResourceEngine.Domain.csproj" />
  </Folder>
  <Folder Name="/src/Infrastructure/">
    <Project Path="src/Infrastructure/NexusResourceEngine.Infrastructure.csproj" />
  </Folder>
  <Folder Name="/src/Presentation/">
    <Project Path="src/Presentation/NexusResourceEngine.csproj" />
  </Folder>
  <Folder Name="/src/Tests/">
    <Project Path="src/Tests/NexusResourceEngine.Tests.csproj" />
  </Folder>
</Solution>
